
Microsoft Visual Studio Solution File, Format Version 12.00
# Visual Studio 15
VisualStudioVersion = 15.0.27703.2042
MinimumVisualStudioVersion = 10.0.40219.1
Project("{888888A0-9F3D-457C-B088-3A5042F75D52}") = "LSTM", "LSTM\LSTM.pyproj", "{DBF6E3E2-D4C4-40F8-81C2-443312AB82A3}"
EndProject
Global
	GlobalSection(SolutionConfigurationPlatforms) = preSolution
		Debug|Any CPU = Debug|Any CPU
		Release|Any CPU = Release|Any CPU
	EndGlobalSection
	GlobalSection(ProjectConfigurationPlatforms) = postSolution
		{DBF6E3E2-D4C4-40F8-81C2-443312AB82A3}.Debug|Any CPU.ActiveCfg = Debug|Any CPU
		{DBF6E3E2-D4C4-40F8-81C2-443312AB82A3}.Release|Any CPU.ActiveCfg = Release|Any CPU
	EndGlobalSection
	GlobalSection(SolutionProperties) = preSolution
		HideSolutionNode = FALSE
	EndGlobalSection
	GlobalSection(ExtensibilityGlobals) = postSolution
		SolutionGuid = {BB5B8EF9-E4E5-44C6-B618-337382481432}
	EndGlobalSection
EndGlobal
